
Microsoft Visual Studio Solution File, Format Version 12.00
# Visual Studio Version 17
VisualStudioVersion = 17.0.32126.317
MinimumVisualStudioVersion = 10.0.40219.1
Project("{FAE04EC0-301F-11D3-BF4B-00C04F79EFBC}") = "UPnp WPF", "UPnp WPF\UPnp WPF.csproj", "{149C1750-428E-435A-90C3-1EED3F09F942}"
EndProject
Global
	GlobalSection(SolutionConfigurationPlatforms) = preSolution
		Debug|Any CPU = Debug|Any CPU
		Release|Any CPU = Release|Any CPU
	EndGlobalSection
	GlobalSection(ProjectConfigurationPlatforms) = postSolution
		{149C1750-428E-435A-90C3-1EED3F09F942}.Debug|Any CPU.ActiveCfg = Debug|Any CPU
		{149C1750-428E-435A-90C3-1EED3F09F942}.Debug|Any CPU.Build.0 = Debug|Any CPU
		{149C1750-428E-435A-90C3-1EED3F09F942}.Release|Any CPU.ActiveCfg = Release|Any CPU
		{149C1750-428E-435A-90C3-1EED3F09F942}.Release|Any CPU.Build.0 = Release|Any CPU
	EndGlobalSection
	GlobalSection(SolutionProperties) = preSolution
		HideSolutionNode = FALSE
	EndGlobalSection
	GlobalSection(ExtensibilityGlobals) = postSolution
		SolutionGuid = {0E7BD474-E21D-4ADD-8787-5D98C7F65A25}
	EndGlobalSection
EndGlobal
